
Microsoft Visual Studio Solution File, Format Version 12.00
# Visual Studio Version 17
VisualStudioVersion = 17.4.33213.308
MinimumVisualStudioVersion = 10.0.40219.1
Project("{FAE04EC0-301F-11D3-BF4B-00C04F79EFBC}") = "Module_8_4_1", "Module_8_4_1.csproj", "{6A367502-3875-4873-ACDE-9667E86EF344}"
EndProject
Global
	GlobalSection(SolutionConfigurationPlatforms) = preSolution
		Debug|Any CPU = Debug|Any CPU
		Release|Any CPU = Release|Any CPU
	EndGlobalSection
	GlobalSection(ProjectConfigurationPlatforms) = postSolution
		{6A367502-3875-4873-ACDE-9667E86EF344}.Debug|Any CPU.ActiveCfg = Debug|Any CPU
		{6A367502-3875-4873-ACDE-9667E86EF344}.Debug|Any CPU.Build.0 = Debug|Any CPU
		{6A367502-3875-4873-ACDE-9667E86EF344}.Release|Any CPU.ActiveCfg = Release|Any CPU
		{6A367502-3875-4873-ACDE-9667E86EF344}.Release|Any CPU.Build.0 = Release|Any CPU
	EndGlobalSection
	GlobalSection(SolutionProperties) = preSolution
		HideSolutionNode = FALSE
	EndGlobalSection
	GlobalSection(ExtensibilityGlobals) = postSolution
		SolutionGuid = {6C6A5B64-60BD-4B3A-A1EA-7269BF0B9C2F}
	EndGlobalSection
EndGlobal
